
Microsoft Visual Studio Solution File, Format Version 12.00
# Visual Studio 15
VisualStudioVersion = 15.0.28307.106
MinimumVisualStudioVersion = 10.0.40219.1
Project("{9A19103F-16F7-4668-BE54-9A1E7A4F7556}") = "Send", "Send\Send.csproj", "{468E2101-BB46-4C5A-AD22-967F445EB904}"
EndProject
Project("{FAE04EC0-301F-11D3-BF4B-00C04F79EFBC}") = "Receive", "Receive\Receive.csproj", "{68C28D19-748D-46F4-8E63-86ACD040AE25}"
EndProject
Global
	GlobalSection(SolutionConfigurationPlatforms) = preSolution
		Debug|Any CPU = Debug|Any CPU
		Release|Any CPU = Release|Any CPU
	EndGlobalSection
	GlobalSection(ProjectConfigurationPlatforms) = postSolution
		{468E2101-BB46-4C5A-AD22-967F445EB904}.Debug|Any CPU.ActiveCfg = Debug|Any CPU
		{468E2101-BB46-4C5A-AD22-967F445EB904}.Debug|Any CPU.Build.0 = Debug|Any CPU
		{468E2101-BB46-4C5A-AD22-967F445EB904}.Release|Any CPU.ActiveCfg = Release|Any CPU
		{468E2101-BB46-4C5A-AD22-967F445EB904}.Release|Any CPU.Build.0 = Release|Any CPU
		{68C28D19-748D-46F4-8E63-86ACD040AE25}.Debug|Any CPU.ActiveCfg = Debug|Any CPU
		{68C28D19-748D-46F4-8E63-86ACD040AE25}.Debug|Any CPU.Build.0 = Debug|Any CPU
		{68C28D19-748D-46F4-8E63-86ACD040AE25}.Release|Any CPU.ActiveCfg = Release|Any CPU
		{68C28D19-748D-46F4-8E63-86ACD040AE25}.Release|Any CPU.Build.0 = Release|Any CPU
	EndGlobalSection
	GlobalSection(SolutionProperties) = preSolution
		HideSolutionNode = FALSE
	EndGlobalSection
	GlobalSection(ExtensibilityGlobals) = postSolution
		SolutionGuid = {83867113-D383-4CE1-BA80-4A898AA1DD5D}
	EndGlobalSection
EndGlobal
